
Microsoft Visual Studio Solution File, Format Version 12.00
# Visual Studio Version 17
VisualStudioVersion = 17.7.34024.191
MinimumVisualStudioVersion = 10.0.40219.1
Project("{FAE04EC0-301F-11D3-BF4B-00C04F79EFBC}") = "EstruturaDeDados_Algoritimos", "EstruturaDeDados_Algoritimos\EstruturaDeDados_Algoritimos.csproj", "{C3A10DFB-B3F1-4214-855B-DA3EF91CDB03}"
EndProject
Global
	GlobalSection(SolutionConfigurationPlatforms) = preSolution
		Debug|Any CPU = Debug|Any CPU
		Release|Any CPU = Release|Any CPU
	EndGlobalSection
	GlobalSection(ProjectConfigurationPlatforms) = postSolution
		{C3A10DFB-B3F1-4214-855B-DA3EF91CDB03}.Debug|Any CPU.ActiveCfg = Debug|Any CPU
		{C3A10DFB-B3F1-4214-855B-DA3EF91CDB03}.Debug|Any CPU.Build.0 = Debug|Any CPU
		{C3A10DFB-B3F1-4214-855B-DA3EF91CDB03}.Release|Any CPU.ActiveCfg = Release|Any CPU
		{C3A10DFB-B3F1-4214-855B-DA3EF91CDB03}.Release|Any CPU.Build.0 = Release|Any CPU
	EndGlobalSection
	GlobalSection(SolutionProperties) = preSolution
		HideSolutionNode = FALSE
	EndGlobalSection
	GlobalSection(ExtensibilityGlobals) = postSolution
		SolutionGuid = {3F55798A-617C-4C65-B126-A51ACB85D099}
	EndGlobalSection
EndGlobal
